{
  "name": "@coon-js/extjs-link",
  "version": "0.0.1",
  "lockfileVersion": 2,
  "requires": true,
  "packages": {
    "": {
      "version": "0.0.1",
      "license": "MIT",
      "bin": {
        "extjs-link": "bin.js"
      },
      "devDependencies": {
        "path": "^0.12.7",
        "symlink-dir": "^5.0.1"
      }
    },
    "node_modules/@zkochan/rimraf": {
      "version": "2.1.1",
      "resolved": "https://registry.npmjs.org/@zkochan/rimraf/-/rimraf-2.1.1.tgz",
      "integrity": "sha512-TgiZpFi4XSvS8wY2/JzoJQYqgpOeBfVMPLC93cRXjbqYSXr1PGyQagS1Wyztuq1uMA1Cqd+EYLa5HESrJwH0Kw==",
      "dev": true,
      "engines": {
        "node": ">=12.10"
      }
    },
    "node_modules/better-path-resolve": {
      "version": "1.0.0",
      "resolved": "https://registry.npmjs.org/better-path-resolve/-/better-path-resolve-1.0.0.tgz",
      "integrity": "sha512-pbnl5XzGBdrFU/wT4jqmJVPn2B6UHPBOhzMQkY/SPUPB6QtUXtmBHBIwCbXJol93mOpGMnQyP/+BB19q04xj7g==",
      "dev": true,
      "dependencies": {
        "is-windows": "^1.0.0"
      },
      "engines": {
        "node": ">=4"
      }
    },
    "node_modules/inherits": {
      "version": "2.0.3",
      "resolved": "https://registry.npmjs.org/inherits/-/inherits-2.0.3.tgz",
      "integrity": "sha1-Yzwsg+PaQqUC9SRmAiSA9CCCYd4=",
      "dev": true
    },
    "node_modules/is-windows": {
      "version": "1.0.2",
      "resolved": "https://registry.npmjs.org/is-windows/-/is-windows-1.0.2.tgz",
      "integrity": "sha512-eXK1UInq2bPmjyX6e3VHIzMLobc4J94i4AWn+Hpq3OU5KkrRC96OAcR3PRJ/pGu6m8TRnBHP9dkXQVsT/COVIA==",
      "dev": true,
      "engines": {
        "node": ">=0.10.0"
      }
    },
    "node_modules/path": {
      "version": "0.12.7",
      "resolved": "https://registry.npmjs.org/path/-/path-0.12.7.tgz",
      "integrity": "sha1-1NwqUGxM4hl+tIHr/NWzbAFAsQ8=",
      "dev": true,
      "dependencies": {
        "process": "^0.11.1",
        "util": "^0.10.3"
      }
    },
    "node_modules/process": {
      "version": "0.11.10",
      "resolved": "https://registry.npmjs.org/process/-/process-0.11.10.tgz",
      "integrity": "sha1-czIwDoQBYb2j5podHZGn1LwW8YI=",
      "dev": true,
      "engines": {
        "node": ">= 0.6.0"
      }
    },
    "node_modules/rename-overwrite": {
      "version": "4.0.0",
      "resolved": "https://registry.npmjs.org/rename-overwrite/-/rename-overwrite-4.0.0.tgz",
      "integrity": "sha512-GZxPjarpxu2DGD6xHE8L4GdJhWz2+2i2x6N1I7VEof2p5M/x/LDNxNXA547k8xOpPmHnijXBE1ofmj7NDGP20g==",
      "dev": true,
      "dependencies": {
        "@zkochan/rimraf": "^2.1.0"
      },
      "engines": {
        "node": ">=12.10"
      }
    },
    "node_modules/symlink-dir": {
      "version": "5.0.1",
      "resolved": "https://registry.npmjs.org/symlink-dir/-/symlink-dir-5.0.1.tgz",
      "integrity": "sha512-MeXygPBopo8AmyObuCJIpXKT+mw54d2Kp6SBuxq0uXZGDkHwHDQExpSg5+TK8BA5kCGyktawu5DJG0QWYO6acw==",
      "dev": true,
      "dependencies": {
        "better-path-resolve": "^1.0.0",
        "rename-overwrite": "^4.0.0"
      },
      "bin": {
        "symlink-dir": "dist/cli.js"
      },
      "engines": {
        "node": ">=12.10"
      }
    },
    "node_modules/util": {
      "version": "0.10.4",
      "resolved": "https://registry.npmjs.org/util/-/util-0.10.4.tgz",
      "integrity": "sha512-0Pm9hTQ3se5ll1XihRic3FDIku70C+iHUdT/W926rSgHV5QgXsYbKZN8MSC3tJtSkhuROzvsQjAaFENRXr+19A==",
      "dev": true,
      "dependencies": {
        "inherits": "2.0.3"
      }
    }
  },
  "dependencies": {
    "@zkochan/rimraf": {
      "version": "2.1.1",
      "resolved": "https://registry.npmjs.org/@zkochan/rimraf/-/rimraf-2.1.1.tgz",
      "integrity": "sha512-TgiZpFi4XSvS8wY2/JzoJQYqgpOeBfVMPLC93cRXjbqYSXr1PGyQagS1Wyztuq1uMA1Cqd+EYLa5HESrJwH0Kw==",
      "dev": true
    },
    "better-path-resolve": {
      "version": "1.0.0",
      "resolved": "https://registry.npmjs.org/better-path-resolve/-/better-path-resolve-1.0.0.tgz",
      "integrity": "sha512-pbnl5XzGBdrFU/wT4jqmJVPn2B6UHPBOhzMQkY/SPUPB6QtUXtmBHBIwCbXJol93mOpGMnQyP/+BB19q04xj7g==",
      "dev": true,
      "requires": {
        "is-windows": "^1.0.0"
      }
    },
    "inherits": {
      "version": "2.0.3",
      "resolved": "https://registry.npmjs.org/inherits/-/inherits-2.0.3.tgz",
      "integrity": "sha1-Yzwsg+PaQqUC9SRmAiSA9CCCYd4=",
      "dev": true
    },
    "is-windows": {
      "version": "1.0.2",
      "resolved": "https://registry.npmjs.org/is-windows/-/is-windows-1.0.2.tgz",
      "integrity": "sha512-eXK1UInq2bPmjyX6e3VHIzMLobc4J94i4AWn+Hpq3OU5KkrRC96OAcR3PRJ/pGu6m8TRnBHP9dkXQVsT/COVIA==",
      "dev": true
    },
    "path": {
      "version": "0.12.7",
      "resolved": "https://registry.npmjs.org/path/-/path-0.12.7.tgz",
      "integrity": "sha1-1NwqUGxM4hl+tIHr/NWzbAFAsQ8=",
      "dev": true,
      "requires": {
        "process": "^0.11.1",
        "util": "^0.10.3"
      }
    },
    "process": {
      "version": "0.11.10",
      "resolved": "https://registry.npmjs.org/process/-/process-0.11.10.tgz",
      "integrity": "sha1-czIwDoQBYb2j5podHZGn1LwW8YI=",
      "dev": true
    },
    "rename-overwrite": {
      "version": "4.0.0",
      "resolved": "https://registry.npmjs.org/rename-overwrite/-/rename-overwrite-4.0.0.tgz",
      "integrity": "sha512-GZxPjarpxu2DGD6xHE8L4GdJhWz2+2i2x6N1I7VEof2p5M/x/LDNxNXA547k8xOpPmHnijXBE1ofmj7NDGP20g==",
      "dev": true,
      "requires": {
        "@zkochan/rimraf": "^2.1.0"
      }
    },
    "symlink-dir": {
      "version": "5.0.1",
      "resolved": "https://registry.npmjs.org/symlink-dir/-/symlink-dir-5.0.1.tgz",
      "integrity": "sha512-MeXygPBopo8AmyObuCJIpXKT+mw54d2Kp6SBuxq0uXZGDkHwHDQExpSg5+TK8BA5kCGyktawu5DJG0QWYO6acw==",
      "dev": true,
      "requires": {
        "better-path-resolve": "^1.0.0",
        "rename-overwrite": "^4.0.0"
      }
    },
    "util": {
      "version": "0.10.4",
      "resolved": "https://registry.npmjs.org/util/-/util-0.10.4.tgz",
      "integrity": "sha512-0Pm9hTQ3se5ll1XihRic3FDIku70C+iHUdT/W926rSgHV5QgXsYbKZN8MSC3tJtSkhuROzvsQjAaFENRXr+19A==",
      "dev": true,
      "requires": {
        "inherits": "2.0.3"
      }
    }
  }
}
